
Microsoft Visual Studio Solution File, Format Version 12.00
# Visual Studio Version 17
VisualStudioVersion = 17.6.33829.357
MinimumVisualStudioVersion = 10.0.40219.1
Project("{FAE04EC0-301F-11D3-BF4B-00C04F79EFBC}") = "AnaliseCircuitoWF", "AnaliseCircuitoWF.csproj", "{5BA68C51-4E0D-4CDE-BAEE-70A46ECFA4D3}"
EndProject
Project("{FAE04EC0-301F-11D3-BF4B-00C04F79EFBC}") = "AnaliseCircuito", "..\AnaliseCircuito\AnaliseCircuito.csproj", "{B42CD4F3-359C-4826-80CB-256D55E2ADEA}"
EndProject
Global
	GlobalSection(SolutionConfigurationPlatforms) = preSolution
		Debug|Any CPU = Debug|Any CPU
		Release|Any CPU = Release|Any CPU
	EndGlobalSection
	GlobalSection(ProjectConfigurationPlatforms) = postSolution
		{5BA68C51-4E0D-4CDE-BAEE-70A46ECFA4D3}.Debug|Any CPU.ActiveCfg = Debug|Any CPU
		{5BA68C51-4E0D-4CDE-BAEE-70A46ECFA4D3}.Debug|Any CPU.Build.0 = Debug|Any CPU
		{5BA68C51-4E0D-4CDE-BAEE-70A46ECFA4D3}.Release|Any CPU.ActiveCfg = Release|Any CPU
		{5BA68C51-4E0D-4CDE-BAEE-70A46ECFA4D3}.Release|Any CPU.Build.0 = Release|Any CPU
		{B42CD4F3-359C-4826-80CB-256D55E2ADEA}.Debug|Any CPU.ActiveCfg = Debug|Any CPU
		{B42CD4F3-359C-4826-80CB-256D55E2ADEA}.Debug|Any CPU.Build.0 = Debug|Any CPU
		{B42CD4F3-359C-4826-80CB-256D55E2ADEA}.Release|Any CPU.ActiveCfg = Release|Any CPU
		{B42CD4F3-359C-4826-80CB-256D55E2ADEA}.Release|Any CPU.Build.0 = Release|Any CPU
	EndGlobalSection
	GlobalSection(SolutionProperties) = preSolution
		HideSolutionNode = FALSE
	EndGlobalSection
	GlobalSection(ExtensibilityGlobals) = postSolution
		SolutionGuid = {A7D220A5-A575-46A7-9464-CAA196C25CE1}
	EndGlobalSection
EndGlobal
